// !$*UTF8*$!
{
	archiveVersion = 1;
	classes = {
	};
	objectVersion = 77;
	objects = {

/* Begin PBXBuildFile section */
		EBFC7EF9306EB02100B1F15C /* DesignSystem in Frameworks */ = {isa = PBXBuildFile; productRef = EBFC7EF8306EB02100B1F15C /* DesignSystem */; };
		EBFC7EFC306EB40100B1F15C /* Networking in Frameworks */ = {isa = PBXBuildFile; productRef = EBFC7EFB306EB40100B1F15C /* Networking */; };
		EBFC7EFF306EBA8A00B1F15C /* Navigation in Frameworks */ = {isa = PBXBuildFile; productRef = EBFC7EFE306EBA8A00B1F15C /* Navigation */; };
		EBFC7F02306EC15800B1F15C /* Pokedex in Frameworks */ = {isa = PBXBuildFile; productRef = EBFC7F01306EC15800B1F15C /* Pokedex */; };
/* End PBXBuildFile section */

/* Begin PBXContainerItemProxy section */
		EBFC7EB6306EA94E00B1F15C /* PBXContainerItemProxy */ = {
			isa = PBXContainerItemProxy;
			containerPortal = EBFC7E9B306EA94D00B1F15C /* Project object */;
			proxyType = 1;
			remoteGlobalIDString = EBFC7EA2306EA94D00B1F15C;
			remoteInfo = PokeCatch;
		};
		EBFC7EC0306EA94E00B1F15C /* PBXContainerItemProxy */ = {
			isa = PBXContainerItemProxy;
			containerPortal = EBFC7E9B306EA94D00B1F15C /* Project object */;
			proxyType = 1;
			remoteGlobalIDString = EBFC7EA2306EA94D00B1F15C;
			remoteInfo = PokeCatch;
		};
/* End PBXContainerItemProxy section */

/* Begin PBXFileReference section */
		EBFC7EA3306EA94D00B1F15C /* PokeCatch.app */ = {isa = PBXFileReference; explicitFileType = wrapper.application; includeInIndex = 0; path = PokeCatch.app; sourceTree = BUILT_PRODUCTS_DIR; };
		EBFC7EB5306EA94E00B1F15C /* PokeCatchTests.xctest */ = {isa = PBXFileReference; explicitFileType = wrapper.cfbundle; includeInIndex = 0; path = PokeCatchTests.xctest; sourceTree = BUILT_PRODUCTS_DIR; };
		EBFC7EBF306EA94E00B1F15C /* PokeCatchUITests.xctest */ = {isa = PBXFileReference; explicitFileType = wrapper.cfbundle; includeInIndex = 0; path = PokeCatchUITests.xctest; sourceTree = BUILT_PRODUCTS_DIR; };
/* End PBXFileReference section */

/* Begin PBXFileSystemSynchronizedBuildFileExceptionSet section */
		EBFC7EF6306EAC3100B1F15C /* Exceptions for "Modules" folder in "PokeCatch" target */ = {
			isa = PBXFileSystemSynchronizedBuildFileExceptionSet;
			membershipExceptions = (
				DesignSystem,
				Navigation,
				Networking,
				Pokedex,
			);
			target = EBFC7EA2306EA94D00B1F15C /* PokeCatch */;
		};
/* End PBXFileSystemSynchronizedBuildFileExceptionSet section */

/* Begin PBXFileSystemSynchronizedRootGroup section */
		EBFC7EA5306EA94D00B1F15C /* PokeCatch */ = {
			isa = PBXFileSystemSynchronizedRootGroup;
			path = PokeCatch;
			sourceTree = "<group>";
		};
		EBFC7EB8306EA94E00B1F15C /* PokeCatchTests */ = {
			isa = PBXFileSystemSynchronizedRootGroup;
			path = PokeCatchTests;
			sourceTree = "<group>";
		};
		EBFC7EC2306EA94E00B1F15C /* PokeCatchUITests */ = {
			isa = PBXFileSystemSynchronizedRootGroup;
			path = PokeCatchUITests;
			sourceTree = "<group>";
		};
		EBFC7EF4306EABA400B1F15C /* Modules */ = {
			isa = PBXFileSystemSynchronizedRootGroup;
			exceptions = (
				EBFC7EF6306EAC3100B1F15C /* Exceptions for "Modules" folder in "PokeCatch" target */,
			);
			path = Modules;
			sourceTree = "<group>";
		};
/* End PBXFileSystemSynchronizedRootGroup section */

/* Begin PBXFrameworksBuildPhase section */
		EBFC7EA0306EA94D00B1F15C /* Frameworks */ = {
			isa = PBXFrameworksBuildPhase;
			buildActionMask = 2147483647;
			files = (
				EBFC7EFF306EBA8A00B1F15C /* Navigation in Frameworks */,
				EBFC7EFC306EB40100B1F15C /* Networking in Frameworks */,
				EBFC7EF9306EB02100B1F15C /* DesignSystem in Frameworks */,
				EBFC7F02306EC15800B1F15C /* Pokedex in Frameworks */,
			);
			runOnlyForDeploymentPostprocessing = 0;
		};
		EBFC7EB2306EA94E00B1F15C /* Frameworks */ = {
			isa = PBXFrameworksBuildPhase;
			buildActionMask = 2147483647;
			files = (
			);
			runOnlyForDeploymentPostprocessing = 0;
		};
		EBFC7EBC306EA94E00B1F15C /* Frameworks */ = {
			isa = PBXFrameworksBuildPhase;
			buildActionMask = 2147483647;
			files = (
			);
			runOnlyForDeploymentPostprocessing = 0;
		};
/* End PBXFrameworksBuildPhase section */

/* Begin PBXGroup section */
		EBFC7E9A306EA94D00B1F15C = {
			isa = PBXGroup;
			children = (
				EBFC7EA5306EA94D00B1F15C /* PokeCatch */,
				EBFC7EF4306EABA400B1F15C /* Modules */,
				EBFC7EB8306EA94E00B1F15C /* PokeCatchTests */,
				EBFC7EC2306EA94E00B1F15C /* PokeCatchUITests */,
				EBFC7EF7306EB02100B1F15C /* Frameworks */,
				EBFC7EA4306EA94D00B1F15C /* Products */,
			);
			sourceTree = "<group>";
		};
		EBFC7EA4306EA94D00B1F15C /* Products */ = {
			isa = PBXGroup;
			children = (
				EBFC7EA3306EA94D00B1F15C /* PokeCatch.app */,
				EBFC7EB5306EA94E00B1F15C /* PokeCatchTests.xctest */,
				EBFC7EBF306EA94E00B1F15C /* PokeCatchUITests.xctest */,
			);
			name = Products;
			sourceTree = "<group>";
		};
		EBFC7EF7306EB02100B1F15C /* Frameworks */ = {
			isa = PBXGroup;
			children = (
			);
			name = Frameworks;
			sourceTree = "<group>";
		};
/* End PBXGroup section */

/* Begin PBXNativeTarget section */
		EBFC7EA2306EA94D00B1F15C /* PokeCatch */ = {
			isa = PBXNativeTarget;
			buildConfigurationList = EBFC7EC9306EA94E00B1F15C /* Build configuration list for PBXNativeTarget "PokeCatch" */;
			buildPhases = (
				EBFC7E9F306EA94D00B1F15C /* Sources */,
				EBFC7EA0306EA94D00B1F15C /* Frameworks */,
				EBFC7EA1306EA94D00B1F15C /* Resources */,
			);
			buildRules = (
			);
			dependencies = (
			);
			fileSystemSynchronizedGroups = (
				EBFC7EA5306EA94D00B1F15C /* PokeCatch */,
				EBFC7EF4306EABA400B1F15C /* Modules */,
			);
			name = PokeCatch;
			packageProductDependencies = (
				EBFC7EF8306EB02100B1F15C /* DesignSystem */,
				EBFC7EFB306EB40100B1F15C /* Networking */,
				EBFC7EFE306EBA8A00B1F15C /* Navigation */,
				EBFC7F01306EC15800B1F15C /* Pokedex */,
			);
			productName = PokeCatch;
			productReference = EBFC7EA3306EA94D00B1F15C /* PokeCatch.app */;
			productType = "com.apple.product-type.application";
		};
		EBFC7EB4306EA94E00B1F15C /* PokeCatchTests */ = {
			isa = PBXNativeTarget;
			buildConfigurationList = EBFC7ECC306EA94E00B1F15C /* Build configuration list for PBXNativeTarget "PokeCatchTests" */;
			buildPhases = (
				EBFC7EB1306EA94E00B1F15C /* Sources */,
				EBFC7EB2306EA94E00B1F15C /* Frameworks */,
				EBFC7EB3306EA94E00B1F15C /* Resources */,
			);
			buildRules = (
			);
			dependencies = (
				EBFC7EB7306EA94E00B1F15C /* PBXTargetDependency */,
			);
			fileSystemSynchronizedGroups = (
				EBFC7EB8306EA94E00B1F15C /* PokeCatchTests */,
			);
			name = PokeCatchTests;
			packageProductDependencies = (
			);
			productName = PokeCatchTests;
			productReference = EBFC7EB5306EA94E00B1F15C /* PokeCatchTests.xctest */;
			productType = "com.apple.product-type.bundle.unit-test";
		};
		EBFC7EBE306EA94E00B1F15C /* PokeCatchUITests */ = {
			isa = PBXNativeTarget;
			buildConfigurationList = EBFC7ECF306EA94E00B1F15C /* Build configuration list for PBXNativeTarget "PokeCatchUITests" */;
			buildPhases = (
				EBFC7EBB306EA94E00B1F15C /* Sources */,
				EBFC7EBC306EA94E00B1F15C /* Frameworks */,
				EBFC7EBD306EA94E00B1F15C /* Resources */,
			);
			buildRules = (
			);
			dependencies = (
				EBFC7EC1306EA94E00B1F15C /* PBXTargetDependency */,
			);
			fileSystemSynchronizedGroups = (
				EBFC7EC2306EA94E00B1F15C /* PokeCatchUITests */,
			);
			name = PokeCatchUITests;
			packageProductDependencies = (
			);
			productName = PokeCatchUITests;
			productReference = EBFC7EBF306EA94E00B1F15C /* PokeCatchUITests.xctest */;
			productType = "com.apple.product-type.bundle.ui-testing";
		};
/* End PBXNativeTarget section */

/* Begin PBXProject section */
		EBFC7E9B306EA94D00B1F15C /* Project object */ = {
			isa = PBXProject;
			attributes = {
				BuildIndependentTargetsInParallel = 1;
				LastSwiftUpdateCheck = 2640;
				LastUpgradeCheck = 2640;
				TargetAttributes = {
					EBFC7EA2306EA94D00B1F15C = {
						CreatedOnToolsVersion = 26.4.1;
					};
					EBFC7EB4306EA94E00B1F15C = {
						CreatedOnToolsVersion = 26.4.1;
						TestTargetID = EBFC7EA2306EA94D00B1F15C;
					};
					EBFC7EBE306EA94E00B1F15C = {
						CreatedOnToolsVersion = 26.4.1;
						TestTargetID = EBFC7EA2306EA94D00B1F15C;
					};
				};
			};
			buildConfigurationList = EBFC7E9E306EA94D00B1F15C /* Build configuration list for PBXProject "PokeCatch" */;
			developmentRegion = en;
			hasScannedForEncodings = 0;
			knownRegions = (
				en,
				Base,
			);
			mainGroup = EBFC7E9A306EA94D00B1F15C;
			minimizedProjectReferenceProxies = 1;
			preferredProjectObjectVersion = 77;
			productRefGroup = EBFC7EA4306EA94D00B1F15C /* Products */;
			projectDirPath = "";
			projectRoot = "";
			targets = (
				EBFC7EA2306EA94D00B1F15C /* PokeCatch */,
				EBFC7EB4306EA94E00B1F15C /* PokeCatchTests */,
				EBFC7EBE306EA94E00B1F15C /* PokeCatchUITests */,
			);
		};
/* End PBXProject section */

/* Begin PBXResourcesBuildPhase section */
		EBFC7EA1306EA94D00B1F15C /* Resources */ = {
			isa = PBXResourcesBuildPhase;
			buildActionMask = 2147483647;
			files = (
			);
			runOnlyForDeploymentPostprocessing = 0;
		};
		EBFC7EB3306EA94E00B1F15C /* Resources */ = {
			isa = PBXResourcesBuildPhase;
			buildActionMask = 2147483647;
			files = (
			);
			runOnlyForDeploymentPostprocessing = 0;
		};
		EBFC7EBD306EA94E00B1F15C /* Resources */ = {
			isa = PBXResourcesBuildPhase;
			buildActionMask = 2147483647;
			files = (
			);
			runOnlyForDeploymentPostprocessing = 0;
		};
/* End PBXResourcesBuildPhase section */

/* Begin PBXSourcesBuildPhase section */
		EBFC7E9F306EA94D00B1F15C /* Sources */ = {
			isa = PBXSourcesBuildPhase;
			buildActionMask = 2147483647;
			files = (
			);
			runOnlyForDeploymentPostprocessing = 0;
		};
		EBFC7EB1306EA94E00B1F15C /* Sources */ = {
			isa = PBXSourcesBuildPhase;
			buildActionMask = 2147483647;
			files = (
			);
			runOnlyForDeploymentPostprocessing = 0;
		};
		EBFC7EBB306EA94E00B1F15C /* Sources */ = {
			isa = PBXSourcesBuildPhase;
			buildActionMask = 2147483647;
			files = (
			);
			runOnlyForDeploymentPostprocessing = 0;
		};
/* End PBXSourcesBuildPhase section */

/* Begin PBXTargetDependency section */
		EBFC7EB7306EA94E00B1F15C /* PBXTargetDependency */ = {
			isa = PBXTargetDependency;
			target = EBFC7EA2306EA94D00B1F15C /* PokeCatch */;
			targetProxy = EBFC7EB6306EA94E00B1F15C /* PBXContainerItemProxy */;
		};
		EBFC7EC1306EA94E00B1F15C /* PBXTargetDependency */ = {
			isa = PBXTargetDependency;
			target = EBFC7EA2306EA94D00B1F15C /* PokeCatch */;
			targetProxy = EBFC7EC0306EA94E00B1F15C /* PBXContainerItemProxy */;
		};
/* End PBXTargetDependency section */

/* Begin XCBuildConfiguration section */
		EBFC7EC7306EA94E00B1F15C /* Debug */ = {
			isa = XCBuildConfiguration;
			buildSettings = {
				ALWAYS_SEARCH_USER_PATHS = NO;
				ASSETCATALOG_COMPILER_GENERATE_SWIFT_ASSET_SYMBOL_EXTENSIONS = YES;
				CLANG_ANALYZER_NONNULL = YES;
				CLANG_ANALYZER_NUMBER_OBJECT_CONVERSION = YES_AGGRESSIVE;
				CLANG_CXX_LANGUAGE_STANDARD = "gnu++20";
				CLANG_ENABLE_MODULES = YES;
				CLANG_ENABLE_OBJC_ARC = YES;
				CLANG_ENABLE_OBJC_WEAK = YES;
				CLANG_WARN_BLOCK_CAPTURE_AUTORELEASING = YES;
				CLANG_WARN_BOOL_CONVERSION = YES;
				CLANG_WARN_COMMA = YES;
				CLANG_WARN_CONSTANT_CONVERSION = YES;
				CLANG_WARN_DEPRECATED_OBJC_IMPLEMENTATIONS = YES;
				CLANG_WARN_DIRECT_OBJC_ISA_USAGE = YES_ERROR;
				CLANG_WARN_DOCUMENTATION_COMMENTS = YES;
				CLANG_WARN_EMPTY_BODY = YES;
				CLANG_WARN_ENUM_CONVERSION = YES;
				CLANG_WARN_INFINITE_RECURSION = YES;
				CLANG_WARN_INT_CONVERSION = YES;
				CLANG_WARN_NON_LITERAL_NULL_CONVERSION = YES;
				CLANG_WARN_OBJC_IMPLICIT_RETAIN_SELF = YES;
				CLANG_WARN_OBJC_LITERAL_CONVERSION = YES;
				CLANG_WARN_OBJC_ROOT_CLASS = YES_ERROR;
				CLANG_WARN_QUOTED_INCLUDE_IN_FRAMEWORK_HEADER = YES;
				CLANG_WARN_RANGE_LOOP_ANALYSIS = YES;
				CLANG_WARN_STRICT_PROTOTYPES = YES;
				CLANG_WARN_SUSPICIOUS_MOVE = YES;
				CLANG_WARN_UNGUARDED_AVAILABILITY = YES_AGGRESSIVE;
				CLANG_WARN_UNREACHABLE_CODE = YES;
				CLANG_WARN__DUPLICATE_METHOD_MATCH = YES;
				COPY_PHASE_STRIP = NO;
				DEBUG_INFORMATION_FORMAT = dwarf;
				DEVELOPMENT_TEAM = 3BJK86B698;
				ENABLE_STRICT_OBJC_MSGSEND = YES;
				ENABLE_TESTABILITY = YES;
				ENABLE_USER_SCRIPT_SANDBOXING = YES;
				GCC_C_LANGUAGE_STANDARD = gnu17;
				GCC_DYNAMIC_NO_PIC = NO;
				GCC_NO_COMMON_BLOCKS = YES;
				GCC_OPTIMIZATION_LEVEL = 0;
				GCC_PREPROCESSOR_DEFINITIONS = (
					"DEBUG=1",
					"$(inherited)",
				);
				GCC_WARN_64_TO_32_BIT_CONVERSION = YES;
				GCC_WARN_ABOUT_RETURN_TYPE = YES_ERROR;
				GCC_WARN_UNDECLARED_SELECTOR = YES;
				GCC_WARN_UNINITIALIZED_AUTOS = YES_AGGRESSIVE;
				GCC_WARN_UNUSED_FUNCTION = YES;
				GCC_WARN_UNUSED_VARIABLE = YES;
				IPHONEOS_DEPLOYMENT_TARGET = 26.4;
				LOCALIZATION_PREFERS_STRING_CATALOGS = YES;
				MTL_ENABLE_DEBUG_INFO = INCLUDE_SOURCE;
				MTL_FAST_MATH = YES;
				ONLY_ACTIVE_ARCH = YES;
				SDKROOT = iphoneos;
				SWIFT_ACTIVE_COMPILATION_CONDITIONS = "DEBUG $(inherited)";
				SWIFT_OPTIMIZATION_LEVEL = "-Onone";
			};
			name = Debug;
		};
		EBFC7EC8306EA94E00B1F15C /* Release */ = {
			isa = XCBuildConfiguration;
			buildSettings = {
				ALWAYS_SEARCH_USER_PATHS = NO;
				ASSETCATALOG_COMPILER_GENERATE_SWIFT_ASSET_SYMBOL_EXTENSIONS = YES;
				CLANG_ANALYZER_NONNULL = YES;
				CLANG_ANALYZER_NUMBER_OBJECT_CONVERSION = YES_AGGRESSIVE;
				CLANG_CXX_LANGUAGE_STANDARD = "gnu++20";
				CLANG_ENABLE_MODULES = YES;
				CLANG_ENABLE_OBJC_ARC = YES;
				CLANG_ENABLE_OBJC_WEAK = YES;
				CLANG_WARN_BLOCK_CAPTURE_AUTORELEASING = YES;
				CLANG_WARN_BOOL_CONVERSION = YES;
				CLANG_WARN_COMMA = YES;
				CLANG_WARN_CONSTANT_CONVERSION = YES;
				CLANG_WARN_DEPRECATED_OBJC_IMPLEMENTATIONS = YES;
				CLANG_WARN_DIRECT_OBJC_ISA_USAGE = YES_ERROR;
				CLANG_WARN_DOCUMENTATION_COMMENTS = YES;
				CLANG_WARN_EMPTY_BODY = YES;
				CLANG_WARN_ENUM_CONVERSION = YES;
				CLANG_WARN_INFINITE_RECURSION = YES;
				CLANG_WARN_INT_CONVERSION = YES;
				CLANG_WARN_NON_LITERAL_NULL_CONVERSION = YES;
				CLANG_WARN_OBJC_IMPLICIT_RETAIN_SELF = YES;
				CLANG_WARN_OBJC_LITERAL_CONVERSION = YES;
				CLANG_WARN_OBJC_ROOT_CLASS = YES_ERROR;
				CLANG_WARN_QUOTED_INCLUDE_IN_FRAMEWORK_HEADER = YES;
				CLANG_WARN_RANGE_LOOP_ANALYSIS = YES;
				CLANG_WARN_STRICT_PROTOTYPES = YES;
				CLANG_WARN_SUSPICIOUS_MOVE = YES;
				CLANG_WARN_UNGUARDED_AVAILABILITY = YES_AGGRESSIVE;
				CLANG_WARN_UNREACHABLE_CODE = YES;
				CLANG_WARN__DUPLICATE_METHOD_MATCH = YES;
				COPY_PHASE_STRIP = NO;
				DEBUG_INFORMATION_FORMAT = "dwarf-with-dsym";
				DEVELOPMENT_TEAM = 3BJK86B698;
				ENABLE_NS_ASSERTIONS = NO;
				ENABLE_STRICT_OBJC_MSGSEND = YES;
				ENABLE_USER_SCRIPT_SANDBOXING = YES;
				GCC_C_LANGUAGE_STANDARD = gnu17;
				GCC_NO_COMMON_BLOCKS = YES;
				GCC_WARN_64_TO_32_BIT_CONVERSION = YES;
				GCC_WARN_ABOUT_RETURN_TYPE = YES_ERROR;
				GCC_WARN_UNDECLARED_SELECTOR = YES;
				GCC_WARN_UNINITIALIZED_AUTOS = YES_AGGRESSIVE;
				GCC_WARN_UNUSED_FUNCTION = YES;
				GCC_WARN_UNUSED_VARIABLE = YES;
				IPHONEOS_DEPLOYMENT_TARGET = 26.4;
				LOCALIZATION_PREFERS_STRING_CATALOGS = YES;
				MTL_ENABLE_DEBUG_INFO = NO;
				MTL_FAST_MATH = YES;
				SDKROOT = iphoneos;
				SWIFT_COMPILATION_MODE = wholemodule;
				VALIDATE_PRODUCT = YES;
			};
			name = Release;
		};
		EBFC7ECA306EA94E00B1F15C /* Debug */ = {
			isa = XCBuildConfiguration;
			buildSettings = {
				ASSETCATALOG_COMPILER_APPICON_NAME = AppIcon;
				ASSETCATALOG_COMPILER_GLOBAL_ACCENT_COLOR_NAME = AccentColor;
				CODE_SIGN_STYLE = Automatic;
				CURRENT_PROJECT_VERSION = 1;
				DEVELOPMENT_TEAM = 3BJK86B698;
				ENABLE_PREVIEWS = YES;
				GENERATE_INFOPLIST_FILE = YES;
				INFOPLIST_KEY_UIApplicationSceneManifest_Generation = YES;
				INFOPLIST_KEY_UIApplicationSupportsIndirectInputEvents = YES;
				INFOPLIST_KEY_UILaunchScreen_Generation = YES;
				INFOPLIST_KEY_UISupportedInterfaceOrientations_iPad = "UIInterfaceOrientationPortrait UIInterfaceOrientationPortraitUpsideDown UIInterfaceOrientationLandscapeLeft UIInterfaceOrientationLandscapeRight";
				INFOPLIST_KEY_UISupportedInterfaceOrientations_iPhone = "UIInterfaceOrientationPortrait UIInterfaceOrientationLandscapeLeft UIInterfaceOrientationLandscapeRight";
				LD_RUNPATH_SEARCH_PATHS = (
					"$(inherited)",
					"@executable_path/Frameworks",
				);
				MARKETING_VERSION = 1.0;
				PRODUCT_BUNDLE_IDENTIFIER = com.claranggraini.PokeCatch;
				PRODUCT_NAME = "$(TARGET_NAME)";
				STRING_CATALOG_GENERATE_SYMBOLS = YES;
				SWIFT_APPROACHABLE_CONCURRENCY = YES;
				SWIFT_DEFAULT_ACTOR_ISOLATION = MainActor;
				SWIFT_EMIT_LOC_STRINGS = YES;
				SWIFT_UPCOMING_FEATURE_MEMBER_IMPORT_VISIBILITY = YES;
				SWIFT_VERSION = 5.0;
				TARGETED_DEVICE_FAMILY = "1,2";
			};
			name = Debug;
		};
		EBFC7ECB306EA94E00B1F15C /* Release */ = {
			isa = XCBuildConfiguration;
			buildSettings = {
				ASSETCATALOG_COMPILER_APPICON_NAME = AppIcon;
				ASSETCATALOG_COMPILER_GLOBAL_ACCENT_COLOR_NAME = AccentColor;
				CODE_SIGN_STYLE = Automatic;
				CURRENT_PROJECT_VERSION = 1;
				DEVELOPMENT_TEAM = 3BJK86B698;
				ENABLE_PREVIEWS = YES;
				GENERATE_INFOPLIST_FILE = YES;
				INFOPLIST_KEY_UIApplicationSceneManifest_Generation = YES;
				INFOPLIST_KEY_UIApplicationSupportsIndirectInputEvents = YES;
				INFOPLIST_KEY_UILaunchScreen_Generation = YES;
				INFOPLIST_KEY_UISupportedInterfaceOrientations_iPad = "UIInterfaceOrientationPortrait UIInterfaceOrientationPortraitUpsideDown UIInterfaceOrientationLandscapeLeft UIInterfaceOrientationLandscapeRight";
				INFOPLIST_KEY_UISupportedInterfaceOrientations_iPhone = "UIInterfaceOrientationPortrait UIInterfaceOrientationLandscapeLeft UIInterfaceOrientationLandscapeRight";
				LD_RUNPATH_SEARCH_PATHS = (
					"$(inherited)",
					"@executable_path/Frameworks",
				);
				MARKETING_VERSION = 1.0;
				PRODUCT_BUNDLE_IDENTIFIER = com.claranggraini.PokeCatch;
				PRODUCT_NAME = "$(TARGET_NAME)";
				STRING_CATALOG_GENERATE_SYMBOLS = YES;
				SWIFT_APPROACHABLE_CONCURRENCY = YES;
				SWIFT_DEFAULT_ACTOR_ISOLATION = MainActor;
				SWIFT_EMIT_LOC_STRINGS = YES;
				SWIFT_UPCOMING_FEATURE_MEMBER_IMPORT_VISIBILITY = YES;
				SWIFT_VERSION = 5.0;
				TARGETED_DEVICE_FAMILY = "1,2";
			};
			name = Release;
		};
		EBFC7ECD306EA94E00B1F15C /* Debug */ = {
			isa = XCBuildConfiguration;
			buildSettings = {
				BUNDLE_LOADER = "$(TEST_HOST)";
				CODE_SIGN_STYLE = Automatic;
				CURRENT_PROJECT_VERSION = 1;
				DEVELOPMENT_TEAM = 3BJK86B698;
				GENERATE_INFOPLIST_FILE = YES;
				IPHONEOS_DEPLOYMENT_TARGET = 26.4;
				MARKETING_VERSION = 1.0;
				PRODUCT_BUNDLE_IDENTIFIER = com.claranggraini.PokeCatchTests;
				PRODUCT_NAME = "$(TARGET_NAME)";
				STRING_CATALOG_GENERATE_SYMBOLS = NO;
				SWIFT_APPROACHABLE_CONCURRENCY = YES;
				SWIFT_EMIT_LOC_STRINGS = NO;
				SWIFT_UPCOMING_FEATURE_MEMBER_IMPORT_VISIBILITY = YES;
				SWIFT_VERSION = 5.0;
				TARGETED_DEVICE_FAMILY = "1,2";
				TEST_HOST = "$(BUILT_PRODUCTS_DIR)/PokeCatch.app/$(BUNDLE_EXECUTABLE_FOLDER_PATH)/PokeCatch";
			};
			name = Debug;
		};
		EBFC7ECE306EA94E00B1F15C /* Release */ = {
			isa = XCBuildConfiguration;
			buildSettings = {
				BUNDLE_LOADER = "$(TEST_HOST)";
				CODE_SIGN_STYLE = Automatic;
				CURRENT_PROJECT_VERSION = 1;
				DEVELOPMENT_TEAM = 3BJK86B698;
				GENERATE_INFOPLIST_FILE = YES;
				IPHONEOS_DEPLOYMENT_TARGET = 26.4;
				MARKETING_VERSION = 1.0;
				PRODUCT_BUNDLE_IDENTIFIER = com.claranggraini.PokeCatchTests;
				PRODUCT_NAME = "$(TARGET_NAME)";
				STRING_CATALOG_GENERATE_SYMBOLS = NO;
				SWIFT_APPROACHABLE_CONCURRENCY = YES;
				SWIFT_EMIT_LOC_STRINGS = NO;
				SWIFT_UPCOMING_FEATURE_MEMBER_IMPORT_VISIBILITY = YES;
				SWIFT_VERSION = 5.0;
				TARGETED_DEVICE_FAMILY = "1,2";
				TEST_HOST = "$(BUILT_PRODUCTS_DIR)/PokeCatch.app/$(BUNDLE_EXECUTABLE_FOLDER_PATH)/PokeCatch";
			};
			name = Release;
		};
		EBFC7ED0306EA94E00B1F15C /* Debug */ = {
			isa = XCBuildConfiguration;
			buildSettings = {
				CODE_SIGN_STYLE = Automatic;
				CURRENT_PROJECT_VERSION = 1;
				DEVELOPMENT_TEAM = 3BJK86B698;
				GENERATE_INFOPLIST_FILE = YES;
				MARKETING_VERSION = 1.0;
				PRODUCT_BUNDLE_IDENTIFIER = com.claranggraini.PokeCatchUITests;
				PRODUCT_NAME = "$(TARGET_NAME)";
				STRING_CATALOG_GENERATE_SYMBOLS = NO;
				SWIFT_APPROACHABLE_CONCURRENCY = YES;
				SWIFT_EMIT_LOC_STRINGS = NO;
				SWIFT_UPCOMING_FEATURE_MEMBER_IMPORT_VISIBILITY = YES;
				SWIFT_VERSION = 5.0;
				TARGETED_DEVICE_FAMILY = "1,2";
				TEST_TARGET_NAME = PokeCatch;
			};
			name = Debug;
		};
		EBFC7ED1306EA94E00B1F15C /* Release */ = {
			isa = XCBuildConfiguration;
			buildSettings = {
				CODE_SIGN_STYLE = Automatic;
				CURRENT_PROJECT_VERSION = 1;
				DEVELOPMENT_TEAM = 3BJK86B698;
				GENERATE_INFOPLIST_FILE = YES;
				MARKETING_VERSION = 1.0;
				PRODUCT_BUNDLE_IDENTIFIER = com.claranggraini.PokeCatchUITests;
				PRODUCT_NAME = "$(TARGET_NAME)";
				STRING_CATALOG_GENERATE_SYMBOLS = NO;
				SWIFT_APPROACHABLE_CONCURRENCY = YES;
				SWIFT_EMIT_LOC_STRINGS = NO;
				SWIFT_UPCOMING_FEATURE_MEMBER_IMPORT_VISIBILITY = YES;
				SWIFT_VERSION = 5.0;
				TARGETED_DEVICE_FAMILY = "1,2";
				TEST_TARGET_NAME = PokeCatch;
			};
			name = Release;
		};
/* End XCBuildConfiguration section */

/* Begin XCConfigurationList section */
		EBFC7E9E306EA94D00B1F15C /* Build configuration list for PBXProject "PokeCatch" */ = {
			isa = XCConfigurationList;
			buildConfigurations = (
				EBFC7EC7306EA94E00B1F15C /* Debug */,
				EBFC7EC8306EA94E00B1F15C /* Release */,
			);
			defaultConfigurationIsVisible = 0;
			defaultConfigurationName = Release;
		};
		EBFC7EC9306EA94E00B1F15C /* Build configuration list for PBXNativeTarget "PokeCatch" */ = {
			isa = XCConfigurationList;
			buildConfigurations = (
				EBFC7ECA306EA94E00B1F15C /* Debug */,
				EBFC7ECB306EA94E00B1F15C /* Release */,
			);
			defaultConfigurationIsVisible = 0;
			defaultConfigurationName = Release;
		};
		EBFC7ECC306EA94E00B1F15C /* Build configuration list for PBXNativeTarget "PokeCatchTests" */ = {
			isa = XCConfigurationList;
			buildConfigurations = (
				EBFC7ECD306EA94E00B1F15C /* Debug */,
				EBFC7ECE306EA94E00B1F15C /* Release */,
			);
			defaultConfigurationIsVisible = 0;
			defaultConfigurationName = Release;
		};
		EBFC7ECF306EA94E00B1F15C /* Build configuration list for PBXNativeTarget "PokeCatchUITests" */ = {
			isa = XCConfigurationList;
			buildConfigurations = (
				EBFC7ED0306EA94E00B1F15C /* Debug */,
				EBFC7ED1306EA94E00B1F15C /* Release */,
			);
			defaultConfigurationIsVisible = 0;
			defaultConfigurationName = Release;
		};
/* End XCConfigurationList section */

/* Begin XCSwiftPackageProductDependency section */
		EBFC7EF8306EB02100B1F15C /* DesignSystem */ = {
			isa = XCSwiftPackageProductDependency;
			productName = DesignSystem;
		};
		EBFC7EFB306EB40100B1F15C /* Networking */ = {
			isa = XCSwiftPackageProductDependency;
			productName = Networking;
		};
		EBFC7EFE306EBA8A00B1F15C /* Navigation */ = {
			isa = XCSwiftPackageProductDependency;
			productName = Navigation;
		};
		EBFC7F01306EC15800B1F15C /* Pokedex */ = {
			isa = XCSwiftPackageProductDependency;
			productName = Pokedex;
		};
/* End XCSwiftPackageProductDependency section */
	};
	rootObject = EBFC7E9B306EA94D00B1F15C /* Project object */;
}
